{
  "name": "@omisego/omg-js",
  "version": "3.0.1-0.4.2",
  "lockfileVersion": 1,
  "requires": true,
  "dependencies": {
    "@omisego/omg-js-childchain": {
      "version": "3.0.0-alpha.5",
      "requires": {
        "@omisego/omg-js-util": "^3.0.0-alpha.5",
        "debug": "^4.0.1",
        "json-bigint": "^0.3.0",
        "request": "^2.88.0",
        "request-promise-native": "^1.0.7",
        "rlp": "^2.1.0"
      }
    },
    "@omisego/omg-js-rootchain": {
      "version": "3.0.0-alpha.5",
      "requires": {
        "@omisego/omg-js-util": "^3.0.0-alpha.5",
        "debug": "^4.0.1"
      }
    },
    "@omisego/omg-js-util": {
      "version": "3.0.0-alpha.5",
      "requires": {
        "eth-sig-util": "^2.1.1",
        "ethereumjs-util": "^6.0.0",
        "js-sha3": "^0.8.0",
        "number-to-bn": "^1.7.0",
        "rlp": "^2.2.2",
        "web3-utils": "^1.2.1"
      }
    }
  }
}
