{
	"name": "integration-tests",
	"version": "1.1.0",
	"lockfileVersion": 1,
	"requires": true,
	"dependencies": {
		"human-standard-token-abi": {
			"version": "2.0.0",
			"resolved": "https://registry.npmjs.org/human-standard-token-abi/-/human-standard-token-abi-2.0.0.tgz",
			"integrity": "sha512-m1f5DiIvqaNmpgphNqx2OziyTCj4Lvmmk28uMSxGWrOc9/lMpAKH8UcMPhvb13DMNZPzxn07WYFhxOGKuPLryg=="
		},
		"node-fetch": {
			"version": "2.3.0",
			"resolved": "https://registry.npmjs.org/node-fetch/-/node-fetch-2.3.0.tgz",
			"integrity": "sha512-MOd8pV3fxENbryESLgVIeaGKrdl+uaYhCSSVkjeOb/31/njTpcis5aWfdqgNlHIrKOLRbMnfPINPOML2CIFeXA=="
		}
	}
}
